{
  "originHash" : "1766aeaa4acc33f51d4721e47b2c6baa3fd79fb263a4ecce86c0c021e05d81cc",
  "pins" : [
    {
      "identity" : "aws-sdk-ios-spm",
      "kind" : "remoteSourceControl",
      "location" : "https://github.com/aws-amplify/aws-sdk-ios-spm",
      "state" : {
        "revision" : "f2e9fbed08dd14a962f8d62d7e302d73b9ecb429",
        "version" : "2.41.0"
      }
    }
  ],
  "version" : 3
}
