// !$*UTF8*$!
{
	archiveVersion = 1;
	classes = {
	};
	objectVersion = 77;
	objects = {

/* Begin PBXBuildFile section */
		C17B41C22F51F44A004E0EF9 /* AWSCore in Frameworks */ = {isa = PBXBuildFile; productRef = C17B41C12F51F44A004E0EF9 /* AWSCore */; };
		C17B41C42F51F44A004E0EF9 /* AWSSimpleDB in Frameworks */ = {isa = PBXBuildFile; productRef = C17B41C32F51F44A004E0EF9 /* AWSSimpleDB */; };
/* End PBXBuildFile section */

/* Begin PBXContainerItemProxy section */
		C17B41A42F51EDE2004E0EF9 /* PBXContainerItemProxy */ = {
			isa = PBXContainerItemProxy;
			containerPortal = C17B418E2F51EDE0004E0EF9 /* Project object */;
			proxyType = 1;
			remoteGlobalIDString = C17B41952F51EDE0004E0EF9;
			remoteInfo = simpledbviewer;
		};
		C17B41AE2F51EDE2004E0EF9 /* PBXContainerItemProxy */ = {
			isa = PBXContainerItemProxy;
			containerPortal = C17B418E2F51EDE0004E0EF9 /* Project object */;
			proxyType = 1;
			remoteGlobalIDString = C17B41952F51EDE0004E0EF9;
			remoteInfo = simpledbviewer;
		};
/* End PBXContainerItemProxy section */

/* Begin PBXFileReference section */
		C17B41962F51EDE0004E0EF9 /* simpledbviewer.app */ = {isa = PBXFileReference; explicitFileType = wrapper.application; includeInIndex = 0; path = simpledbviewer.app; sourceTree = BUILT_PRODUCTS_DIR; };
		C17B41A32F51EDE2004E0EF9 /* simpledbviewerTests.xctest */ = {isa = PBXFileReference; explicitFileType = wrapper.cfbundle; includeInIndex = 0; path = simpledbviewerTests.xctest; sourceTree = BUILT_PRODUCTS_DIR; };
		C17B41AD2F51EDE2004E0EF9 /* simpledbviewerUITests.xctest */ = {isa = PBXFileReference; explicitFileType = wrapper.cfbundle; includeInIndex = 0; path = simpledbviewerUITests.xctest; sourceTree = BUILT_PRODUCTS_DIR; };
/* End PBXFileReference section */

/* Begin PBXFileSystemSynchronizedBuildFileExceptionSet section */
		7D2A2FE42F6F9884009A6B4B /* Exceptions for "simpledbviewer" folder in "simpledbviewer" target */ = {
			isa = PBXFileSystemSynchronizedBuildFileExceptionSet;
			membershipExceptions = (
				Localization/swiftgen.yml,
			);
			target = C17B41952F51EDE0004E0EF9 /* simpledbviewer */;
		};
/* End PBXFileSystemSynchronizedBuildFileExceptionSet section */

/* Begin PBXFileSystemSynchronizedRootGroup section */
		C17B41982F51EDE0004E0EF9 /* simpledbviewer */ = {
			isa = PBXFileSystemSynchronizedRootGroup;
			exceptions = (
				7D2A2FE42F6F9884009A6B4B /* Exceptions for "simpledbviewer" folder in "simpledbviewer" target */,
			);
			path = simpledbviewer;
			sourceTree = "<group>";
		};
		C17B41A62F51EDE2004E0EF9 /* simpledbviewerTests */ = {
			isa = PBXFileSystemSynchronizedRootGroup;
			path = simpledbviewerTests;
			sourceTree = "<group>";
		};
		C17B41B02F51EDE2004E0EF9 /* simpledbviewerUITests */ = {
			isa = PBXFileSystemSynchronizedRootGroup;
			path = simpledbviewerUITests;
			sourceTree = "<group>";
		};
/* End PBXFileSystemSynchronizedRootGroup section */

/* Begin PBXFrameworksBuildPhase section */
		C17B41932F51EDE0004E0EF9 /* Frameworks */ = {
			isa = PBXFrameworksBuildPhase;
			buildActionMask = 2147483647;
			files = (
				C17B41C42F51F44A004E0EF9 /* AWSSimpleDB in Frameworks */,
				C17B41C22F51F44A004E0EF9 /* AWSCore in Frameworks */,
			);
			runOnlyForDeploymentPostprocessing = 0;
		};
		C17B41A02F51EDE2004E0EF9 /* Frameworks */ = {
			isa = PBXFrameworksBuildPhase;
			buildActionMask = 2147483647;
			files = (
			);
			runOnlyForDeploymentPostprocessing = 0;
		};
		C17B41AA2F51EDE2004E0EF9 /* Frameworks */ = {
			isa = PBXFrameworksBuildPhase;
			buildActionMask = 2147483647;
			files = (
			);
			runOnlyForDeploymentPostprocessing = 0;
		};
/* End PBXFrameworksBuildPhase section */

/* Begin PBXGroup section */
		C17B418D2F51EDE0004E0EF9 = {
			isa = PBXGroup;
			children = (
				C17B41982F51EDE0004E0EF9 /* simpledbviewer */,
				C17B41A62F51EDE2004E0EF9 /* simpledbviewerTests */,
				C17B41B02F51EDE2004E0EF9 /* simpledbviewerUITests */,
				C17B41972F51EDE0004E0EF9 /* Products */,
			);
			sourceTree = "<group>";
		};
		C17B41972F51EDE0004E0EF9 /* Products */ = {
			isa = PBXGroup;
			children = (
				C17B41962F51EDE0004E0EF9 /* simpledbviewer.app */,
				C17B41A32F51EDE2004E0EF9 /* simpledbviewerTests.xctest */,
				C17B41AD2F51EDE2004E0EF9 /* simpledbviewerUITests.xctest */,
			);
			name = Products;
			sourceTree = "<group>";
		};
/* End PBXGroup section */

/* Begin PBXNativeTarget section */
		C17B41952F51EDE0004E0EF9 /* simpledbviewer */ = {
			isa = PBXNativeTarget;
			buildConfigurationList = C17B41B72F51EDE2004E0EF9 /* Build configuration list for PBXNativeTarget "simpledbviewer" */;
			buildPhases = (
				E7D319012F51EDE0004E0EF9 /* Generate Localizable.strings for SwiftGen */,
				E7D319022F51EDE0004E0EF9 /* SwiftGen */,
				C17B41922F51EDE0004E0EF9 /* Sources */,
				C17B41932F51EDE0004E0EF9 /* Frameworks */,
				C17B41942F51EDE0004E0EF9 /* Resources */,
			);
			buildRules = (
			);
			dependencies = (
			);
			fileSystemSynchronizedGroups = (
				C17B41982F51EDE0004E0EF9 /* simpledbviewer */,
			);
			name = simpledbviewer;
			packageProductDependencies = (
				C17B41C12F51F44A004E0EF9 /* AWSCore */,
				C17B41C32F51F44A004E0EF9 /* AWSSimpleDB */,
			);
			productName = simpledbviewer;
			productReference = C17B41962F51EDE0004E0EF9 /* simpledbviewer.app */;
			productType = "com.apple.product-type.application";
		};
		C17B41A22F51EDE2004E0EF9 /* simpledbviewerTests */ = {
			isa = PBXNativeTarget;
			buildConfigurationList = C17B41BA2F51EDE2004E0EF9 /* Build configuration list for PBXNativeTarget "simpledbviewerTests" */;
			buildPhases = (
				C17B419F2F51EDE2004E0EF9 /* Sources */,
				C17B41A02F51EDE2004E0EF9 /* Frameworks */,
				C17B41A12F51EDE2004E0EF9 /* Resources */,
			);
			buildRules = (
			);
			dependencies = (
				C17B41A52F51EDE2004E0EF9 /* PBXTargetDependency */,
			);
			fileSystemSynchronizedGroups = (
				C17B41A62F51EDE2004E0EF9 /* simpledbviewerTests */,
			);
			name = simpledbviewerTests;
			packageProductDependencies = (
			);
			productName = simpledbviewerTests;
			productReference = C17B41A32F51EDE2004E0EF9 /* simpledbviewerTests.xctest */;
			productType = "com.apple.product-type.bundle.unit-test";
		};
		C17B41AC2F51EDE2004E0EF9 /* simpledbviewerUITests */ = {
			isa = PBXNativeTarget;
			buildConfigurationList = C17B41BD2F51EDE2004E0EF9 /* Build configuration list for PBXNativeTarget "simpledbviewerUITests" */;
			buildPhases = (
				C17B41A92F51EDE2004E0EF9 /* Sources */,
				C17B41AA2F51EDE2004E0EF9 /* Frameworks */,
				C17B41AB2F51EDE2004E0EF9 /* Resources */,
			);
			buildRules = (
			);
			dependencies = (
				C17B41AF2F51EDE2004E0EF9 /* PBXTargetDependency */,
			);
			fileSystemSynchronizedGroups = (
				C17B41B02F51EDE2004E0EF9 /* simpledbviewerUITests */,
			);
			name = simpledbviewerUITests;
			packageProductDependencies = (
			);
			productName = simpledbviewerUITests;
			productReference = C17B41AD2F51EDE2004E0EF9 /* simpledbviewerUITests.xctest */;
			productType = "com.apple.product-type.bundle.ui-testing";
		};
/* End PBXNativeTarget section */

/* Begin PBXProject section */
		C17B418E2F51EDE0004E0EF9 /* Project object */ = {
			isa = PBXProject;
			attributes = {
				BuildIndependentTargetsInParallel = 1;
				LastSwiftUpdateCheck = 2630;
				LastUpgradeCheck = 2630;
				TargetAttributes = {
					C17B41952F51EDE0004E0EF9 = {
						CreatedOnToolsVersion = 26.3;
					};
					C17B41A22F51EDE2004E0EF9 = {
						CreatedOnToolsVersion = 26.3;
						TestTargetID = C17B41952F51EDE0004E0EF9;
					};
					C17B41AC2F51EDE2004E0EF9 = {
						CreatedOnToolsVersion = 26.3;
						TestTargetID = C17B41952F51EDE0004E0EF9;
					};
				};
			};
			buildConfigurationList = C17B41912F51EDE0004E0EF9 /* Build configuration list for PBXProject "simpledbviewer" */;
			developmentRegion = en;
			hasScannedForEncodings = 0;
			knownRegions = (
				en,
				Base,
				fr,
				"zh-Hans",
				"zh-Hant",
			);
			mainGroup = C17B418D2F51EDE0004E0EF9;
			minimizedProjectReferenceProxies = 1;
			packageReferences = (
				C17B41C02F51F44A004E0EF9 /* XCRemoteSwiftPackageReference "aws-sdk-ios-spm" */,
			);
			preferredProjectObjectVersion = 77;
			productRefGroup = C17B41972F51EDE0004E0EF9 /* Products */;
			projectDirPath = "";
			projectRoot = "";
			targets = (
				C17B41952F51EDE0004E0EF9 /* simpledbviewer */,
				C17B41A22F51EDE2004E0EF9 /* simpledbviewerTests */,
				C17B41AC2F51EDE2004E0EF9 /* simpledbviewerUITests */,
			);
		};
/* End PBXProject section */

/* Begin PBXResourcesBuildPhase section */
		C17B41942F51EDE0004E0EF9 /* Resources */ = {
			isa = PBXResourcesBuildPhase;
			buildActionMask = 2147483647;
			files = (
			);
			runOnlyForDeploymentPostprocessing = 0;
		};
		C17B41A12F51EDE2004E0EF9 /* Resources */ = {
			isa = PBXResourcesBuildPhase;
			buildActionMask = 2147483647;
			files = (
			);
			runOnlyForDeploymentPostprocessing = 0;
		};
		C17B41AB2F51EDE2004E0EF9 /* Resources */ = {
			isa = PBXResourcesBuildPhase;
			buildActionMask = 2147483647;
			files = (
			);
			runOnlyForDeploymentPostprocessing = 0;
		};
/* End PBXResourcesBuildPhase section */

/* Begin PBXShellScriptBuildPhase section */
		E7D319012F51EDE0004E0EF9 /* Generate Localizable.strings for SwiftGen */ = {
			isa = PBXShellScriptBuildPhase;
			alwaysOutOfDate = 1;
			buildActionMask = 2147483647;
			files = (
			);
			inputFileListPaths = (
			);
			inputPaths = (
				"$(SRCROOT)/Scripts/xcstrings_to_swiftgen_strings.py",
				"$(SRCROOT)/simpledbviewer/Localization/Localizable.xcstrings",
			);
			name = "Generate Localizable.strings for SwiftGen";
			outputFileListPaths = (
			);
			outputPaths = (
				"$(SRCROOT)/Generated/SwiftGenInput/en.lproj/Localizable.strings",
			);
			runOnlyForDeploymentPostprocessing = 0;
			shellPath = /bin/sh;
			shellScript = "set -e\npython3 \"${SRCROOT}/Scripts/xcstrings_to_swiftgen_strings.py\" \"${SRCROOT}/simpledbviewer/Localization/Localizable.xcstrings\" \"${SRCROOT}/Generated/SwiftGenInput\"\n";
		};
		E7D319022F51EDE0004E0EF9 /* SwiftGen */ = {
			isa = PBXShellScriptBuildPhase;
			buildActionMask = 2147483647;
			files = (
			);
			inputFileListPaths = (
			);
			inputPaths = (
				"$(SRCROOT)/Generated/SwiftGenInput/en.lproj/Localizable.strings",
				"$(SRCROOT)/simpledbviewer/Localization/Localizable.xcstrings",
				"$(SRCROOT)/simpledbviewer/Localization/swiftgen.yml",
			);
			name = SwiftGen;
			outputFileListPaths = (
			);
			outputPaths = (
				"$(SRCROOT)/simpledbviewer/Generated/L10n.generated.swift",
			);
			runOnlyForDeploymentPostprocessing = 0;
			shellPath = /bin/sh;
			shellScript = "if command -v swiftgen >/dev/null 2>&1\nthen\n  cd \"${SRCROOT}/simpledbviewer/Localization\" && swiftgen config run --config swiftgen.yml\nelse\n  echo \"warning: SwiftGen not installed; skipping L10n regeneration (brew install swiftgen)\"\nfi\n";
		};
/* End PBXShellScriptBuildPhase section */

/* Begin PBXSourcesBuildPhase section */
		C17B41922F51EDE0004E0EF9 /* Sources */ = {
			isa = PBXSourcesBuildPhase;
			buildActionMask = 2147483647;
			files = (
			);
			runOnlyForDeploymentPostprocessing = 0;
		};
		C17B419F2F51EDE2004E0EF9 /* Sources */ = {
			isa = PBXSourcesBuildPhase;
			buildActionMask = 2147483647;
			files = (
			);
			runOnlyForDeploymentPostprocessing = 0;
		};
		C17B41A92F51EDE2004E0EF9 /* Sources */ = {
			isa = PBXSourcesBuildPhase;
			buildActionMask = 2147483647;
			files = (
			);
			runOnlyForDeploymentPostprocessing = 0;
		};
/* End PBXSourcesBuildPhase section */

/* Begin PBXTargetDependency section */
		C17B41A52F51EDE2004E0EF9 /* PBXTargetDependency */ = {
			isa = PBXTargetDependency;
			target = C17B41952F51EDE0004E0EF9 /* simpledbviewer */;
			targetProxy = C17B41A42F51EDE2004E0EF9 /* PBXContainerItemProxy */;
		};
		C17B41AF2F51EDE2004E0EF9 /* PBXTargetDependency */ = {
			isa = PBXTargetDependency;
			target = C17B41952F51EDE0004E0EF9 /* simpledbviewer */;
			targetProxy = C17B41AE2F51EDE2004E0EF9 /* PBXContainerItemProxy */;
		};
/* End PBXTargetDependency section */

/* Begin XCBuildConfiguration section */
		C17B41B52F51EDE2004E0EF9 /* Debug */ = {
			isa = XCBuildConfiguration;
			buildSettings = {
				ALWAYS_SEARCH_USER_PATHS = NO;
				ASSETCATALOG_COMPILER_GENERATE_SWIFT_ASSET_SYMBOL_EXTENSIONS = YES;
				CLANG_ANALYZER_NONNULL = YES;
				CLANG_ANALYZER_NUMBER_OBJECT_CONVERSION = YES_AGGRESSIVE;
				CLANG_CXX_LANGUAGE_STANDARD = "gnu++20";
				CLANG_ENABLE_MODULES = YES;
				CLANG_ENABLE_OBJC_ARC = YES;
				CLANG_ENABLE_OBJC_WEAK = YES;
				CLANG_WARN_BLOCK_CAPTURE_AUTORELEASING = YES;
				CLANG_WARN_BOOL_CONVERSION = YES;
				CLANG_WARN_COMMA = YES;
				CLANG_WARN_CONSTANT_CONVERSION = YES;
				CLANG_WARN_DEPRECATED_OBJC_IMPLEMENTATIONS = YES;
				CLANG_WARN_DIRECT_OBJC_ISA_USAGE = YES_ERROR;
				CLANG_WARN_DOCUMENTATION_COMMENTS = YES;
				CLANG_WARN_EMPTY_BODY = YES;
				CLANG_WARN_ENUM_CONVERSION = YES;
				CLANG_WARN_INFINITE_RECURSION = YES;
				CLANG_WARN_INT_CONVERSION = YES;
				CLANG_WARN_NON_LITERAL_NULL_CONVERSION = YES;
				CLANG_WARN_OBJC_IMPLICIT_RETAIN_SELF = YES;
				CLANG_WARN_OBJC_LITERAL_CONVERSION = YES;
				CLANG_WARN_OBJC_ROOT_CLASS = YES_ERROR;
				CLANG_WARN_QUOTED_INCLUDE_IN_FRAMEWORK_HEADER = YES;
				CLANG_WARN_RANGE_LOOP_ANALYSIS = YES;
				CLANG_WARN_STRICT_PROTOTYPES = YES;
				CLANG_WARN_SUSPICIOUS_MOVE = YES;
				CLANG_WARN_UNGUARDED_AVAILABILITY = YES_AGGRESSIVE;
				CLANG_WARN_UNREACHABLE_CODE = YES;
				CLANG_WARN__DUPLICATE_METHOD_MATCH = YES;
				COPY_PHASE_STRIP = NO;
				DEBUG_INFORMATION_FORMAT = dwarf;
				DEVELOPMENT_TEAM = 267NPF6R8W;
				ENABLE_STRICT_OBJC_MSGSEND = YES;
				ENABLE_TESTABILITY = YES;
				ENABLE_USER_SCRIPT_SANDBOXING = YES;
				GCC_C_LANGUAGE_STANDARD = gnu17;
				GCC_DYNAMIC_NO_PIC = NO;
				GCC_NO_COMMON_BLOCKS = YES;
				GCC_OPTIMIZATION_LEVEL = 0;
				GCC_PREPROCESSOR_DEFINITIONS = (
					"DEBUG=1",
					"$(inherited)",
				);
				GCC_WARN_64_TO_32_BIT_CONVERSION = YES;
				GCC_WARN_ABOUT_RETURN_TYPE = YES_ERROR;
				GCC_WARN_UNDECLARED_SELECTOR = YES;
				GCC_WARN_UNINITIALIZED_AUTOS = YES_AGGRESSIVE;
				GCC_WARN_UNUSED_FUNCTION = YES;
				GCC_WARN_UNUSED_VARIABLE = YES;
				LOCALIZATION_PREFERS_STRING_CATALOGS = YES;
				MTL_ENABLE_DEBUG_INFO = INCLUDE_SOURCE;
				MTL_FAST_MATH = YES;
				ONLY_ACTIVE_ARCH = YES;
				SWIFT_ACTIVE_COMPILATION_CONDITIONS = "DEBUG $(inherited)";
				SWIFT_EMIT_LOC_STRINGS = YES;
				SWIFT_OPTIMIZATION_LEVEL = "-Onone";
			};
			name = Debug;
		};
		C17B41B62F51EDE2004E0EF9 /* Release */ = {
			isa = XCBuildConfiguration;
			buildSettings = {
				ALWAYS_SEARCH_USER_PATHS = NO;
				ASSETCATALOG_COMPILER_GENERATE_SWIFT_ASSET_SYMBOL_EXTENSIONS = YES;
				CLANG_ANALYZER_NONNULL = YES;
				CLANG_ANALYZER_NUMBER_OBJECT_CONVERSION = YES_AGGRESSIVE;
				CLANG_CXX_LANGUAGE_STANDARD = "gnu++20";
				CLANG_ENABLE_MODULES = YES;
				CLANG_ENABLE_OBJC_ARC = YES;
				CLANG_ENABLE_OBJC_WEAK = YES;
				CLANG_WARN_BLOCK_CAPTURE_AUTORELEASING = YES;
				CLANG_WARN_BOOL_CONVERSION = YES;
				CLANG_WARN_COMMA = YES;
				CLANG_WARN_CONSTANT_CONVERSION = YES;
				CLANG_WARN_DEPRECATED_OBJC_IMPLEMENTATIONS = YES;
				CLANG_WARN_DIRECT_OBJC_ISA_USAGE = YES_ERROR;
				CLANG_WARN_DOCUMENTATION_COMMENTS = YES;
				CLANG_WARN_EMPTY_BODY = YES;
				CLANG_WARN_ENUM_CONVERSION = YES;
				CLANG_WARN_INFINITE_RECURSION = YES;
				CLANG_WARN_INT_CONVERSION = YES;
				CLANG_WARN_NON_LITERAL_NULL_CONVERSION = YES;
				CLANG_WARN_OBJC_IMPLICIT_RETAIN_SELF = YES;
				CLANG_WARN_OBJC_LITERAL_CONVERSION = YES;
				CLANG_WARN_OBJC_ROOT_CLASS = YES_ERROR;
				CLANG_WARN_QUOTED_INCLUDE_IN_FRAMEWORK_HEADER = YES;
				CLANG_WARN_RANGE_LOOP_ANALYSIS = YES;
				CLANG_WARN_STRICT_PROTOTYPES = YES;
				CLANG_WARN_SUSPICIOUS_MOVE = YES;
				CLANG_WARN_UNGUARDED_AVAILABILITY = YES_AGGRESSIVE;
				CLANG_WARN_UNREACHABLE_CODE = YES;
				CLANG_WARN__DUPLICATE_METHOD_MATCH = YES;
				COPY_PHASE_STRIP = NO;
				DEBUG_INFORMATION_FORMAT = "dwarf-with-dsym";
				DEVELOPMENT_TEAM = 267NPF6R8W;
				ENABLE_NS_ASSERTIONS = NO;
				ENABLE_STRICT_OBJC_MSGSEND = YES;
				ENABLE_USER_SCRIPT_SANDBOXING = YES;
				GCC_C_LANGUAGE_STANDARD = gnu17;
				GCC_NO_COMMON_BLOCKS = YES;
				GCC_WARN_64_TO_32_BIT_CONVERSION = YES;
				GCC_WARN_ABOUT_RETURN_TYPE = YES_ERROR;
				GCC_WARN_UNDECLARED_SELECTOR = YES;
				GCC_WARN_UNINITIALIZED_AUTOS = YES_AGGRESSIVE;
				GCC_WARN_UNUSED_FUNCTION = YES;
				GCC_WARN_UNUSED_VARIABLE = YES;
				LOCALIZATION_PREFERS_STRING_CATALOGS = YES;
				MTL_ENABLE_DEBUG_INFO = NO;
				MTL_FAST_MATH = YES;
				SWIFT_COMPILATION_MODE = wholemodule;
				SWIFT_EMIT_LOC_STRINGS = YES;
			};
			name = Release;
		};
		C17B41B82F51EDE2004E0EF9 /* Debug */ = {
			isa = XCBuildConfiguration;
			buildSettings = {
				ASSETCATALOG_COMPILER_APPICON_NAME = AppIcon;
				ASSETCATALOG_COMPILER_GLOBAL_ACCENT_COLOR_NAME = AccentColor;
				CODE_SIGN_STYLE = Automatic;
				CURRENT_PROJECT_VERSION = 1;
				DEVELOPMENT_TEAM = 36LVHWE756;
				ENABLE_APP_SANDBOX = YES;
				ENABLE_HARDENED_RUNTIME = YES;
				ENABLE_PREVIEWS = YES;
				ENABLE_USER_SELECTED_FILES = readonly;
				GENERATE_INFOPLIST_FILE = YES;
				INFOPLIST_KEY_CFBundleDisplayName = "SimpleDB Viewer";
				"INFOPLIST_KEY_UIApplicationSceneManifest_Generation[sdk=iphoneos*]" = YES;
				"INFOPLIST_KEY_UIApplicationSceneManifest_Generation[sdk=iphonesimulator*]" = YES;
				"INFOPLIST_KEY_UIApplicationSupportsIndirectInputEvents[sdk=iphoneos*]" = YES;
				"INFOPLIST_KEY_UIApplicationSupportsIndirectInputEvents[sdk=iphonesimulator*]" = YES;
				"INFOPLIST_KEY_UILaunchScreen_Generation[sdk=iphoneos*]" = YES;
				"INFOPLIST_KEY_UILaunchScreen_Generation[sdk=iphonesimulator*]" = YES;
				"INFOPLIST_KEY_UIStatusBarStyle[sdk=iphoneos*]" = UIStatusBarStyleDefault;
				"INFOPLIST_KEY_UIStatusBarStyle[sdk=iphonesimulator*]" = UIStatusBarStyleDefault;
				INFOPLIST_KEY_UISupportedInterfaceOrientations_iPad = "UIInterfaceOrientationPortrait UIInterfaceOrientationPortraitUpsideDown UIInterfaceOrientationLandscapeLeft UIInterfaceOrientationLandscapeRight";
				INFOPLIST_KEY_UISupportedInterfaceOrientations_iPhone = "UIInterfaceOrientationPortrait UIInterfaceOrientationLandscapeLeft UIInterfaceOrientationLandscapeRight";
				IPHONEOS_DEPLOYMENT_TARGET = 17.6;
				LD_RUNPATH_SEARCH_PATHS = "@executable_path/Frameworks";
				"LD_RUNPATH_SEARCH_PATHS[sdk=macosx*]" = "@executable_path/../Frameworks";
				MACOSX_DEPLOYMENT_TARGET = 15.6;
				MARKETING_VERSION = 2.0;
				PRODUCT_BUNDLE_IDENTIFIER = self.edu.simpledbviewer;
				PRODUCT_NAME = "$(TARGET_NAME)";
				REGISTER_APP_GROUPS = YES;
				SDKROOT = auto;
				STRING_CATALOG_GENERATE_SYMBOLS = YES;
				SUPPORTED_PLATFORMS = "iphoneos iphonesimulator xros xrsimulator";
				SUPPORTS_MACCATALYST = NO;
				SUPPORTS_MAC_DESIGNED_FOR_IPHONE_IPAD = YES;
				SWIFT_APPROACHABLE_CONCURRENCY = YES;
				SWIFT_DEFAULT_ACTOR_ISOLATION = MainActor;
				SWIFT_EMIT_LOC_STRINGS = YES;
				SWIFT_UPCOMING_FEATURE_MEMBER_IMPORT_VISIBILITY = YES;
				SWIFT_VERSION = 5.0;
				TARGETED_DEVICE_FAMILY = "1,2,7";
				XROS_DEPLOYMENT_TARGET = 2.6;
			};
			name = Debug;
		};
		C17B41B92F51EDE2004E0EF9 /* Release */ = {
			isa = XCBuildConfiguration;
			buildSettings = {
				ASSETCATALOG_COMPILER_APPICON_NAME = AppIcon;
				ASSETCATALOG_COMPILER_GLOBAL_ACCENT_COLOR_NAME = AccentColor;
				CODE_SIGN_STYLE = Automatic;
				CURRENT_PROJECT_VERSION = 1;
				DEVELOPMENT_TEAM = 36LVHWE756;
				ENABLE_APP_SANDBOX = YES;
				ENABLE_HARDENED_RUNTIME = YES;
				ENABLE_PREVIEWS = YES;
				ENABLE_USER_SELECTED_FILES = readonly;
				GENERATE_INFOPLIST_FILE = YES;
				INFOPLIST_KEY_CFBundleDisplayName = "SimpleDB Viewer";
				"INFOPLIST_KEY_UIApplicationSceneManifest_Generation[sdk=iphoneos*]" = YES;
				"INFOPLIST_KEY_UIApplicationSceneManifest_Generation[sdk=iphonesimulator*]" = YES;
				"INFOPLIST_KEY_UIApplicationSupportsIndirectInputEvents[sdk=iphoneos*]" = YES;
				"INFOPLIST_KEY_UIApplicationSupportsIndirectInputEvents[sdk=iphonesimulator*]" = YES;
				"INFOPLIST_KEY_UILaunchScreen_Generation[sdk=iphoneos*]" = YES;
				"INFOPLIST_KEY_UILaunchScreen_Generation[sdk=iphonesimulator*]" = YES;
				"INFOPLIST_KEY_UIStatusBarStyle[sdk=iphoneos*]" = UIStatusBarStyleDefault;
				"INFOPLIST_KEY_UIStatusBarStyle[sdk=iphonesimulator*]" = UIStatusBarStyleDefault;
				INFOPLIST_KEY_UISupportedInterfaceOrientations_iPad = "UIInterfaceOrientationPortrait UIInterfaceOrientationPortraitUpsideDown UIInterfaceOrientationLandscapeLeft UIInterfaceOrientationLandscapeRight";
				INFOPLIST_KEY_UISupportedInterfaceOrientations_iPhone = "UIInterfaceOrientationPortrait UIInterfaceOrientationLandscapeLeft UIInterfaceOrientationLandscapeRight";
				IPHONEOS_DEPLOYMENT_TARGET = 17.6;
				LD_RUNPATH_SEARCH_PATHS = "@executable_path/Frameworks";
				"LD_RUNPATH_SEARCH_PATHS[sdk=macosx*]" = "@executable_path/../Frameworks";
				MACOSX_DEPLOYMENT_TARGET = 15.6;
				MARKETING_VERSION = 2.0;
				PRODUCT_BUNDLE_IDENTIFIER = self.edu.simpledbviewer;
				PRODUCT_NAME = "$(TARGET_NAME)";
				REGISTER_APP_GROUPS = YES;
				SDKROOT = auto;
				STRING_CATALOG_GENERATE_SYMBOLS = YES;
				SUPPORTED_PLATFORMS = "iphoneos iphonesimulator xros xrsimulator";
				SUPPORTS_MACCATALYST = NO;
				SUPPORTS_MAC_DESIGNED_FOR_IPHONE_IPAD = YES;
				SWIFT_APPROACHABLE_CONCURRENCY = YES;
				SWIFT_DEFAULT_ACTOR_ISOLATION = MainActor;
				SWIFT_EMIT_LOC_STRINGS = YES;
				SWIFT_UPCOMING_FEATURE_MEMBER_IMPORT_VISIBILITY = YES;
				SWIFT_VERSION = 5.0;
				TARGETED_DEVICE_FAMILY = "1,2,7";
				XROS_DEPLOYMENT_TARGET = 2.6;
			};
			name = Release;
		};
		C17B41BB2F51EDE2004E0EF9 /* Debug */ = {
			isa = XCBuildConfiguration;
			buildSettings = {
				BUNDLE_LOADER = "$(TEST_HOST)";
				CODE_SIGN_STYLE = Automatic;
				CURRENT_PROJECT_VERSION = 1;
				DEVELOPMENT_TEAM = 267NPF6R8W;
				GENERATE_INFOPLIST_FILE = YES;
				IPHONEOS_DEPLOYMENT_TARGET = 26.2;
				MACOSX_DEPLOYMENT_TARGET = 26.2;
				MARKETING_VERSION = 1.0;
				PRODUCT_BUNDLE_IDENTIFIER = self.edu.simpledbviewerTests;
				PRODUCT_NAME = "$(TARGET_NAME)";
				SDKROOT = auto;
				STRING_CATALOG_GENERATE_SYMBOLS = NO;
				SUPPORTED_PLATFORMS = "iphoneos iphonesimulator macosx xros xrsimulator";
				SWIFT_APPROACHABLE_CONCURRENCY = YES;
				SWIFT_EMIT_LOC_STRINGS = NO;
				SWIFT_UPCOMING_FEATURE_MEMBER_IMPORT_VISIBILITY = YES;
				SWIFT_VERSION = 5.0;
				TARGETED_DEVICE_FAMILY = "1,2,7";
				TEST_HOST = "$(BUILT_PRODUCTS_DIR)/simpledbviewer.app/$(BUNDLE_EXECUTABLE_FOLDER_PATH)/simpledbviewer";
				XROS_DEPLOYMENT_TARGET = 26.2;
			};
			name = Debug;
		};
		C17B41BC2F51EDE2004E0EF9 /* Release */ = {
			isa = XCBuildConfiguration;
			buildSettings = {
				BUNDLE_LOADER = "$(TEST_HOST)";
				CODE_SIGN_STYLE = Automatic;
				CURRENT_PROJECT_VERSION = 1;
				DEVELOPMENT_TEAM = 267NPF6R8W;
				GENERATE_INFOPLIST_FILE = YES;
				IPHONEOS_DEPLOYMENT_TARGET = 26.2;
				MACOSX_DEPLOYMENT_TARGET = 26.2;
				MARKETING_VERSION = 1.0;
				PRODUCT_BUNDLE_IDENTIFIER = self.edu.simpledbviewerTests;
				PRODUCT_NAME = "$(TARGET_NAME)";
				SDKROOT = auto;
				STRING_CATALOG_GENERATE_SYMBOLS = NO;
				SUPPORTED_PLATFORMS = "iphoneos iphonesimulator macosx xros xrsimulator";
				SWIFT_APPROACHABLE_CONCURRENCY = YES;
				SWIFT_EMIT_LOC_STRINGS = NO;
				SWIFT_UPCOMING_FEATURE_MEMBER_IMPORT_VISIBILITY = YES;
				SWIFT_VERSION = 5.0;
				TARGETED_DEVICE_FAMILY = "1,2,7";
				TEST_HOST = "$(BUILT_PRODUCTS_DIR)/simpledbviewer.app/$(BUNDLE_EXECUTABLE_FOLDER_PATH)/simpledbviewer";
				XROS_DEPLOYMENT_TARGET = 26.2;
			};
			name = Release;
		};
		C17B41BE2F51EDE2004E0EF9 /* Debug */ = {
			isa = XCBuildConfiguration;
			buildSettings = {
				CODE_SIGN_STYLE = Automatic;
				CURRENT_PROJECT_VERSION = 1;
				DEVELOPMENT_TEAM = 267NPF6R8W;
				GENERATE_INFOPLIST_FILE = YES;
				INFOPLIST_KEY_ITSAppUsesNonExemptEncryption = NO;
				IPHONEOS_DEPLOYMENT_TARGET = 26.2;
				MACOSX_DEPLOYMENT_TARGET = 26.2;
				MARKETING_VERSION = 1.0;
				PRODUCT_BUNDLE_IDENTIFIER = self.edu.simpledbviewerUITests;
				PRODUCT_NAME = "$(TARGET_NAME)";
				SDKROOT = auto;
				STRING_CATALOG_GENERATE_SYMBOLS = NO;
				SUPPORTED_PLATFORMS = "iphoneos iphonesimulator macosx xros xrsimulator";
				SWIFT_APPROACHABLE_CONCURRENCY = YES;
				SWIFT_EMIT_LOC_STRINGS = NO;
				SWIFT_UPCOMING_FEATURE_MEMBER_IMPORT_VISIBILITY = YES;
				SWIFT_VERSION = 5.0;
				TARGETED_DEVICE_FAMILY = "1,2,7";
				TEST_TARGET_NAME = simpledbviewer;
				XROS_DEPLOYMENT_TARGET = 26.2;
			};
			name = Debug;
		};
		C17B41BF2F51EDE2004E0EF9 /* Release */ = {
			isa = XCBuildConfiguration;
			buildSettings = {
				CODE_SIGN_STYLE = Automatic;
				CURRENT_PROJECT_VERSION = 1;
				DEVELOPMENT_TEAM = 267NPF6R8W;
				GENERATE_INFOPLIST_FILE = YES;
				INFOPLIST_KEY_ITSAppUsesNonExemptEncryption = NO;
				IPHONEOS_DEPLOYMENT_TARGET = 26.2;
				MACOSX_DEPLOYMENT_TARGET = 26.2;
				MARKETING_VERSION = 1.0;
				PRODUCT_BUNDLE_IDENTIFIER = self.edu.simpledbviewerUITests;
				PRODUCT_NAME = "$(TARGET_NAME)";
				SDKROOT = auto;
				STRING_CATALOG_GENERATE_SYMBOLS = NO;
				SUPPORTED_PLATFORMS = "iphoneos iphonesimulator macosx xros xrsimulator";
				SWIFT_APPROACHABLE_CONCURRENCY = YES;
				SWIFT_EMIT_LOC_STRINGS = NO;
				SWIFT_UPCOMING_FEATURE_MEMBER_IMPORT_VISIBILITY = YES;
				SWIFT_VERSION = 5.0;
				TARGETED_DEVICE_FAMILY = "1,2,7";
				TEST_TARGET_NAME = simpledbviewer;
				XROS_DEPLOYMENT_TARGET = 26.2;
			};
			name = Release;
		};
/* End XCBuildConfiguration section */

/* Begin XCConfigurationList section */
		C17B41912F51EDE0004E0EF9 /* Build configuration list for PBXProject "simpledbviewer" */ = {
			isa = XCConfigurationList;
			buildConfigurations = (
				C17B41B52F51EDE2004E0EF9 /* Debug */,
				C17B41B62F51EDE2004E0EF9 /* Release */,
			);
			defaultConfigurationIsVisible = 0;
			defaultConfigurationName = Release;
		};
		C17B41B72F51EDE2004E0EF9 /* Build configuration list for PBXNativeTarget "simpledbviewer" */ = {
			isa = XCConfigurationList;
			buildConfigurations = (
				C17B41B82F51EDE2004E0EF9 /* Debug */,
				C17B41B92F51EDE2004E0EF9 /* Release */,
			);
			defaultConfigurationIsVisible = 0;
			defaultConfigurationName = Release;
		};
		C17B41BA2F51EDE2004E0EF9 /* Build configuration list for PBXNativeTarget "simpledbviewerTests" */ = {
			isa = XCConfigurationList;
			buildConfigurations = (
				C17B41BB2F51EDE2004E0EF9 /* Debug */,
				C17B41BC2F51EDE2004E0EF9 /* Release */,
			);
			defaultConfigurationIsVisible = 0;
			defaultConfigurationName = Release;
		};
		C17B41BD2F51EDE2004E0EF9 /* Build configuration list for PBXNativeTarget "simpledbviewerUITests" */ = {
			isa = XCConfigurationList;
			buildConfigurations = (
				C17B41BE2F51EDE2004E0EF9 /* Debug */,
				C17B41BF2F51EDE2004E0EF9 /* Release */,
			);
			defaultConfigurationIsVisible = 0;
			defaultConfigurationName = Release;
		};
/* End XCConfigurationList section */

/* Begin XCRemoteSwiftPackageReference section */
		C17B41C02F51F44A004E0EF9 /* XCRemoteSwiftPackageReference "aws-sdk-ios-spm" */ = {
			isa = XCRemoteSwiftPackageReference;
			repositoryURL = "https://github.com/aws-amplify/aws-sdk-ios-spm";
			requirement = {
				kind = upToNextMinorVersion;
				minimumVersion = 2.41.0;
			};
		};
/* End XCRemoteSwiftPackageReference section */

/* Begin XCSwiftPackageProductDependency section */
		C17B41C12F51F44A004E0EF9 /* AWSCore */ = {
			isa = XCSwiftPackageProductDependency;
			package = C17B41C02F51F44A004E0EF9 /* XCRemoteSwiftPackageReference "aws-sdk-ios-spm" */;
			productName = AWSCore;
		};
		C17B41C32F51F44A004E0EF9 /* AWSSimpleDB */ = {
			isa = XCSwiftPackageProductDependency;
			package = C17B41C02F51F44A004E0EF9 /* XCRemoteSwiftPackageReference "aws-sdk-ios-spm" */;
			productName = AWSSimpleDB;
		};
/* End XCSwiftPackageProductDependency section */
	};
	rootObject = C17B418E2F51EDE0004E0EF9 /* Project object */;
}
