// !$*UTF8*$!
{
	archiveVersion = 1;
	classes = {
	};
	objectVersion = 50;
	objects = {

/* Begin PBXBuildFile section */
		7D04909E20B2FE9100222E16 /* SimpleDB.swift in Sources */ = {isa = PBXBuildFile; fileRef = 7D04909D20B2FE9100222E16 /* SimpleDB.swift */; };
		7D0490A120B2FEE200222E16 /* Error+Ext.swift in Sources */ = {isa = PBXBuildFile; fileRef = 7D0490A020B2FEE200222E16 /* Error+Ext.swift */; };
		7D0490A320B3177900222E16 /* SimpleDBHelper.swift in Sources */ = {isa = PBXBuildFile; fileRef = 7D0490A220B3177900222E16 /* SimpleDBHelper.swift */; };
		7D2BEF5420BD479100D73D71 /* AWSKeysViewController.swift in Sources */ = {isa = PBXBuildFile; fileRef = 7D2BEF5320BD479100D73D71 /* AWSKeysViewController.swift */; };
		7D2BEF5620BD4D5200D73D71 /* AWSRegionTypeHelpers.swift in Sources */ = {isa = PBXBuildFile; fileRef = 7D2BEF5520BD4D5200D73D71 /* AWSRegionTypeHelpers.swift */; };
		7D36BBC720BABDD7003B84D1 /* SimpleDBTableViewCell.swift in Sources */ = {isa = PBXBuildFile; fileRef = 7D36BBC620BABDD7003B84D1 /* SimpleDBTableViewCell.swift */; };
		7D4C8DA720BF1B9600A645B7 /* SettingsTableViewController.swift in Sources */ = {isa = PBXBuildFile; fileRef = 7D4C8DA620BF1B9600A645B7 /* SettingsTableViewController.swift */; };
		7D66E88420BE80D300D33207 /* String+Ext.swift in Sources */ = {isa = PBXBuildFile; fileRef = 7D66E88320BE80D300D33207 /* String+Ext.swift */; };
		7D8E791420BFBE6C00514EB6 /* NotificationHelper.swift in Sources */ = {isa = PBXBuildFile; fileRef = 7D8E791320BFBE6C00514EB6 /* NotificationHelper.swift */; };
		7D8E791620BFC9BC00514EB6 /* UITableView+Ext.swift in Sources */ = {isa = PBXBuildFile; fileRef = 7D8E791520BFC9BC00514EB6 /* UITableView+Ext.swift */; };
		7D8E791820BFCC2500514EB6 /* WebViewController.swift in Sources */ = {isa = PBXBuildFile; fileRef = 7D8E791720BFCC2500514EB6 /* WebViewController.swift */; };
		7DB6D75820B2A39600704403 /* AppDelegate.swift in Sources */ = {isa = PBXBuildFile; fileRef = 7DB6D75720B2A39600704403 /* AppDelegate.swift */; };
		7DB6D75B20B2A39600704403 /* simpledbviewer.xcdatamodeld in Sources */ = {isa = PBXBuildFile; fileRef = 7DB6D75920B2A39600704403 /* simpledbviewer.xcdatamodeld */; };
		7DB6D75D20B2A39600704403 /* MasterViewController.swift in Sources */ = {isa = PBXBuildFile; fileRef = 7DB6D75C20B2A39600704403 /* MasterViewController.swift */; };
		7DB6D75F20B2A39600704403 /* DetailViewController.swift in Sources */ = {isa = PBXBuildFile; fileRef = 7DB6D75E20B2A39600704403 /* DetailViewController.swift */; };
		7DB6D76220B2A39600704403 /* Main.storyboard in Resources */ = {isa = PBXBuildFile; fileRef = 7DB6D76020B2A39600704403 /* Main.storyboard */; };
		7DB6D76420B2A39C00704403 /* Assets.xcassets in Resources */ = {isa = PBXBuildFile; fileRef = 7DB6D76320B2A39C00704403 /* Assets.xcassets */; };
		7DB6D76720B2A39C00704403 /* LaunchScreen.storyboard in Resources */ = {isa = PBXBuildFile; fileRef = 7DB6D76520B2A39C00704403 /* LaunchScreen.storyboard */; };
		7DB6D78D20B2AD5700704403 /* AWSCore.framework in Frameworks */ = {isa = PBXBuildFile; fileRef = 7DB6D78C20B2AD5700704403 /* AWSCore.framework */; };
		7DB6D78E20B2AD5700704403 /* AWSCore.framework in Embed Frameworks */ = {isa = PBXBuildFile; fileRef = 7DB6D78C20B2AD5700704403 /* AWSCore.framework */; settings = {ATTRIBUTES = (CodeSignOnCopy, RemoveHeadersOnCopy, ); }; };
		7DB6D79220B2AD8500704403 /* AWSSimpleDB.framework in Frameworks */ = {isa = PBXBuildFile; fileRef = 7DB6D79120B2AD8500704403 /* AWSSimpleDB.framework */; };
		7DB6D79320B2AD8500704403 /* AWSSimpleDB.framework in Embed Frameworks */ = {isa = PBXBuildFile; fileRef = 7DB6D79120B2AD8500704403 /* AWSSimpleDB.framework */; settings = {ATTRIBUTES = (CodeSignOnCopy, RemoveHeadersOnCopy, ); }; };
		7DB6D79520B2B51400704403 /* SplitViewController.swift in Sources */ = {isa = PBXBuildFile; fileRef = 7DB6D79420B2B51400704403 /* SplitViewController.swift */; };
		7DBBDB4120BEE3E4000F7FAF /* AWSAccessInfo+CoreDataClass.swift in Sources */ = {isa = PBXBuildFile; fileRef = 7DBBDB3F20BEE3E4000F7FAF /* AWSAccessInfo+CoreDataClass.swift */; };
		7DBBDB4220BEE3E4000F7FAF /* AWSAccessInfo+CoreDataProperties.swift in Sources */ = {isa = PBXBuildFile; fileRef = 7DBBDB4020BEE3E4000F7FAF /* AWSAccessInfo+CoreDataProperties.swift */; };
/* End PBXBuildFile section */

/* Begin PBXCopyFilesBuildPhase section */
		7DB6D78F20B2AD5700704403 /* Embed Frameworks */ = {
			isa = PBXCopyFilesBuildPhase;
			buildActionMask = 2147483647;
			dstPath = "";
			dstSubfolderSpec = 10;
			files = (
				7DB6D79320B2AD8500704403 /* AWSSimpleDB.framework in Embed Frameworks */,
				7DB6D78E20B2AD5700704403 /* AWSCore.framework in Embed Frameworks */,
			);
			name = "Embed Frameworks";
			runOnlyForDeploymentPostprocessing = 0;
		};
/* End PBXCopyFilesBuildPhase section */

/* Begin PBXFileReference section */
		7D04909D20B2FE9100222E16 /* SimpleDB.swift */ = {isa = PBXFileReference; fileEncoding = 4; lastKnownFileType = sourcecode.swift; path = SimpleDB.swift; sourceTree = "<group>"; };
		7D0490A020B2FEE200222E16 /* Error+Ext.swift */ = {isa = PBXFileReference; fileEncoding = 4; lastKnownFileType = sourcecode.swift; path = "Error+Ext.swift"; sourceTree = "<group>"; };
		7D0490A220B3177900222E16 /* SimpleDBHelper.swift */ = {isa = PBXFileReference; lastKnownFileType = sourcecode.swift; path = SimpleDBHelper.swift; sourceTree = "<group>"; };
		7D2BEF5320BD479100D73D71 /* AWSKeysViewController.swift */ = {isa = PBXFileReference; lastKnownFileType = sourcecode.swift; path = AWSKeysViewController.swift; sourceTree = "<group>"; };
		7D2BEF5520BD4D5200D73D71 /* AWSRegionTypeHelpers.swift */ = {isa = PBXFileReference; lastKnownFileType = sourcecode.swift; path = AWSRegionTypeHelpers.swift; sourceTree = "<group>"; };
		7D36BBC620BABDD7003B84D1 /* SimpleDBTableViewCell.swift */ = {isa = PBXFileReference; lastKnownFileType = sourcecode.swift; path = SimpleDBTableViewCell.swift; sourceTree = "<group>"; };
		7D4C8DA620BF1B9600A645B7 /* SettingsTableViewController.swift */ = {isa = PBXFileReference; lastKnownFileType = sourcecode.swift; path = SettingsTableViewController.swift; sourceTree = "<group>"; };
		7D66E88320BE80D300D33207 /* String+Ext.swift */ = {isa = PBXFileReference; lastKnownFileType = sourcecode.swift; path = "String+Ext.swift"; sourceTree = "<group>"; };
		7D8E791320BFBE6C00514EB6 /* NotificationHelper.swift */ = {isa = PBXFileReference; fileEncoding = 4; lastKnownFileType = sourcecode.swift; path = NotificationHelper.swift; sourceTree = "<group>"; };
		7D8E791520BFC9BC00514EB6 /* UITableView+Ext.swift */ = {isa = PBXFileReference; lastKnownFileType = sourcecode.swift; path = "UITableView+Ext.swift"; sourceTree = "<group>"; };
		7D8E791720BFCC2500514EB6 /* WebViewController.swift */ = {isa = PBXFileReference; lastKnownFileType = sourcecode.swift; path = WebViewController.swift; sourceTree = "<group>"; };
		7DB6D75420B2A39600704403 /* simpledbviewer.app */ = {isa = PBXFileReference; explicitFileType = wrapper.application; includeInIndex = 0; path = simpledbviewer.app; sourceTree = BUILT_PRODUCTS_DIR; };
		7DB6D75720B2A39600704403 /* AppDelegate.swift */ = {isa = PBXFileReference; lastKnownFileType = sourcecode.swift; path = AppDelegate.swift; sourceTree = "<group>"; };
		7DB6D75A20B2A39600704403 /* simpledbviewer.xcdatamodel */ = {isa = PBXFileReference; lastKnownFileType = wrapper.xcdatamodel; path = simpledbviewer.xcdatamodel; sourceTree = "<group>"; };
		7DB6D75C20B2A39600704403 /* MasterViewController.swift */ = {isa = PBXFileReference; lastKnownFileType = sourcecode.swift; path = MasterViewController.swift; sourceTree = "<group>"; };
		7DB6D75E20B2A39600704403 /* DetailViewController.swift */ = {isa = PBXFileReference; lastKnownFileType = sourcecode.swift; path = DetailViewController.swift; sourceTree = "<group>"; };
		7DB6D76120B2A39600704403 /* Base */ = {isa = PBXFileReference; lastKnownFileType = file.storyboard; name = Base; path = Base.lproj/Main.storyboard; sourceTree = "<group>"; };
		7DB6D76320B2A39C00704403 /* Assets.xcassets */ = {isa = PBXFileReference; lastKnownFileType = folder.assetcatalog; path = Assets.xcassets; sourceTree = "<group>"; };
		7DB6D76620B2A39C00704403 /* Base */ = {isa = PBXFileReference; lastKnownFileType = file.storyboard; name = Base; path = Base.lproj/LaunchScreen.storyboard; sourceTree = "<group>"; };
		7DB6D76820B2A39C00704403 /* Info.plist */ = {isa = PBXFileReference; lastKnownFileType = text.plist.xml; path = Info.plist; sourceTree = "<group>"; };
		7DB6D78C20B2AD5700704403 /* AWSCore.framework */ = {isa = PBXFileReference; lastKnownFileType = wrapper.framework; path = AWSCore.framework; sourceTree = "<group>"; };
		7DB6D79120B2AD8500704403 /* AWSSimpleDB.framework */ = {isa = PBXFileReference; lastKnownFileType = wrapper.framework; path = AWSSimpleDB.framework; sourceTree = "<group>"; };
		7DB6D79420B2B51400704403 /* SplitViewController.swift */ = {isa = PBXFileReference; lastKnownFileType = sourcecode.swift; path = SplitViewController.swift; sourceTree = "<group>"; };
		7DBBDB3F20BEE3E4000F7FAF /* AWSAccessInfo+CoreDataClass.swift */ = {isa = PBXFileReference; lastKnownFileType = sourcecode.swift; path = "AWSAccessInfo+CoreDataClass.swift"; sourceTree = "<group>"; };
		7DBBDB4020BEE3E4000F7FAF /* AWSAccessInfo+CoreDataProperties.swift */ = {isa = PBXFileReference; lastKnownFileType = sourcecode.swift; path = "AWSAccessInfo+CoreDataProperties.swift"; sourceTree = "<group>"; };
/* End PBXFileReference section */

/* Begin PBXFrameworksBuildPhase section */
		7DB6D75120B2A39600704403 /* Frameworks */ = {
			isa = PBXFrameworksBuildPhase;
			buildActionMask = 2147483647;
			files = (
				7DB6D79220B2AD8500704403 /* AWSSimpleDB.framework in Frameworks */,
				7DB6D78D20B2AD5700704403 /* AWSCore.framework in Frameworks */,
			);
			runOnlyForDeploymentPostprocessing = 0;
		};
/* End PBXFrameworksBuildPhase section */

/* Begin PBXGroup section */
		7D04909F20B2FE9800222E16 /* Classes */ = {
			isa = PBXGroup;
			children = (
				7D8E791320BFBE6C00514EB6 /* NotificationHelper.swift */,
				7DBBDB3F20BEE3E4000F7FAF /* AWSAccessInfo+CoreDataClass.swift */,
				7DBBDB4020BEE3E4000F7FAF /* AWSAccessInfo+CoreDataProperties.swift */,
				7D0490A020B2FEE200222E16 /* Error+Ext.swift */,
				7D04909D20B2FE9100222E16 /* SimpleDB.swift */,
				7D0490A220B3177900222E16 /* SimpleDBHelper.swift */,
				7D36BBC620BABDD7003B84D1 /* SimpleDBTableViewCell.swift */,
				7D2BEF5520BD4D5200D73D71 /* AWSRegionTypeHelpers.swift */,
				7D66E88320BE80D300D33207 /* String+Ext.swift */,
				7D8E791520BFC9BC00514EB6 /* UITableView+Ext.swift */,
			);
			path = Classes;
			sourceTree = "<group>";
		};
		7DB6D74B20B2A39600704403 = {
			isa = PBXGroup;
			children = (
				7DB6D79120B2AD8500704403 /* AWSSimpleDB.framework */,
				7DB6D78C20B2AD5700704403 /* AWSCore.framework */,
				7DB6D75620B2A39600704403 /* simpledbviewer */,
				7DB6D75520B2A39600704403 /* Products */,
			);
			sourceTree = "<group>";
		};
		7DB6D75520B2A39600704403 /* Products */ = {
			isa = PBXGroup;
			children = (
				7DB6D75420B2A39600704403 /* simpledbviewer.app */,
			);
			name = Products;
			sourceTree = "<group>";
		};
		7DB6D75620B2A39600704403 /* simpledbviewer */ = {
			isa = PBXGroup;
			children = (
				7D04909F20B2FE9800222E16 /* Classes */,
				7DB6D75720B2A39600704403 /* AppDelegate.swift */,
				7DB6D75C20B2A39600704403 /* MasterViewController.swift */,
				7DB6D75E20B2A39600704403 /* DetailViewController.swift */,
				7D2BEF5320BD479100D73D71 /* AWSKeysViewController.swift */,
				7D4C8DA620BF1B9600A645B7 /* SettingsTableViewController.swift */,
				7D8E791720BFCC2500514EB6 /* WebViewController.swift */,
				7DB6D79420B2B51400704403 /* SplitViewController.swift */,
				7DB6D76020B2A39600704403 /* Main.storyboard */,
				7DB6D76320B2A39C00704403 /* Assets.xcassets */,
				7DB6D76520B2A39C00704403 /* LaunchScreen.storyboard */,
				7DB6D76820B2A39C00704403 /* Info.plist */,
				7DB6D75920B2A39600704403 /* simpledbviewer.xcdatamodeld */,
			);
			path = simpledbviewer;
			sourceTree = "<group>";
		};
/* End PBXGroup section */

/* Begin PBXNativeTarget section */
		7DB6D75320B2A39600704403 /* simpledbviewer */ = {
			isa = PBXNativeTarget;
			buildConfigurationList = 7DB6D76B20B2A39C00704403 /* Build configuration list for PBXNativeTarget "simpledbviewer" */;
			buildPhases = (
				7DB6D75020B2A39600704403 /* Sources */,
				7DB6D75120B2A39600704403 /* Frameworks */,
				7DB6D75220B2A39600704403 /* Resources */,
				7DB6D78F20B2AD5700704403 /* Embed Frameworks */,
				7DB6D79020B2AD5D00704403 /* ShellScript */,
			);
			buildRules = (
			);
			dependencies = (
			);
			name = simpledbviewer;
			productName = simpledbviewer;
			productReference = 7DB6D75420B2A39600704403 /* simpledbviewer.app */;
			productType = "com.apple.product-type.application";
		};
/* End PBXNativeTarget section */

/* Begin PBXProject section */
		7DB6D74C20B2A39600704403 /* Project object */ = {
			isa = PBXProject;
			attributes = {
				LastSwiftUpdateCheck = 0930;
				LastUpgradeCheck = 0930;
				ORGANIZATIONNAME = "Maysam Shahsavari";
				TargetAttributes = {
					7DB6D75320B2A39600704403 = {
						CreatedOnToolsVersion = 9.3.1;
						LastSwiftMigration = 1010;
					};
				};
			};
			buildConfigurationList = 7DB6D74F20B2A39600704403 /* Build configuration list for PBXProject "simpledbviewer" */;
			compatibilityVersion = "Xcode 9.3";
			developmentRegion = en;
			hasScannedForEncodings = 0;
			knownRegions = (
				en,
				Base,
			);
			mainGroup = 7DB6D74B20B2A39600704403;
			productRefGroup = 7DB6D75520B2A39600704403 /* Products */;
			projectDirPath = "";
			projectRoot = "";
			targets = (
				7DB6D75320B2A39600704403 /* simpledbviewer */,
			);
		};
/* End PBXProject section */

/* Begin PBXResourcesBuildPhase section */
		7DB6D75220B2A39600704403 /* Resources */ = {
			isa = PBXResourcesBuildPhase;
			buildActionMask = 2147483647;
			files = (
				7DB6D76720B2A39C00704403 /* LaunchScreen.storyboard in Resources */,
				7DB6D76420B2A39C00704403 /* Assets.xcassets in Resources */,
				7DB6D76220B2A39600704403 /* Main.storyboard in Resources */,
			);
			runOnlyForDeploymentPostprocessing = 0;
		};
/* End PBXResourcesBuildPhase section */

/* Begin PBXShellScriptBuildPhase section */
		7DB6D79020B2AD5D00704403 /* ShellScript */ = {
			isa = PBXShellScriptBuildPhase;
			buildActionMask = 2147483647;
			files = (
			);
			inputPaths = (
			);
			outputPaths = (
			);
			runOnlyForDeploymentPostprocessing = 0;
			shellPath = /bin/sh;
			shellScript = "bash \"${BUILT_PRODUCTS_DIR}/${FRAMEWORKS_FOLDER_PATH}/AWSCore.framework/strip-frameworks.sh\"";
		};
/* End PBXShellScriptBuildPhase section */

/* Begin PBXSourcesBuildPhase section */
		7DB6D75020B2A39600704403 /* Sources */ = {
			isa = PBXSourcesBuildPhase;
			buildActionMask = 2147483647;
			files = (
				7DB6D79520B2B51400704403 /* SplitViewController.swift in Sources */,
				7D8E791820BFCC2500514EB6 /* WebViewController.swift in Sources */,
				7D8E791620BFC9BC00514EB6 /* UITableView+Ext.swift in Sources */,
				7D04909E20B2FE9100222E16 /* SimpleDB.swift in Sources */,
				7DBBDB4120BEE3E4000F7FAF /* AWSAccessInfo+CoreDataClass.swift in Sources */,
				7DBBDB4220BEE3E4000F7FAF /* AWSAccessInfo+CoreDataProperties.swift in Sources */,
				7DB6D75820B2A39600704403 /* AppDelegate.swift in Sources */,
				7D0490A120B2FEE200222E16 /* Error+Ext.swift in Sources */,
				7DB6D75B20B2A39600704403 /* simpledbviewer.xcdatamodeld in Sources */,
				7DB6D75D20B2A39600704403 /* MasterViewController.swift in Sources */,
				7D8E791420BFBE6C00514EB6 /* NotificationHelper.swift in Sources */,
				7D66E88420BE80D300D33207 /* String+Ext.swift in Sources */,
				7DB6D75F20B2A39600704403 /* DetailViewController.swift in Sources */,
				7D0490A320B3177900222E16 /* SimpleDBHelper.swift in Sources */,
				7D4C8DA720BF1B9600A645B7 /* SettingsTableViewController.swift in Sources */,
				7D2BEF5420BD479100D73D71 /* AWSKeysViewController.swift in Sources */,
				7D36BBC720BABDD7003B84D1 /* SimpleDBTableViewCell.swift in Sources */,
				7D2BEF5620BD4D5200D73D71 /* AWSRegionTypeHelpers.swift in Sources */,
			);
			runOnlyForDeploymentPostprocessing = 0;
		};
/* End PBXSourcesBuildPhase section */

/* Begin PBXVariantGroup section */
		7DB6D76020B2A39600704403 /* Main.storyboard */ = {
			isa = PBXVariantGroup;
			children = (
				7DB6D76120B2A39600704403 /* Base */,
			);
			name = Main.storyboard;
			sourceTree = "<group>";
		};
		7DB6D76520B2A39C00704403 /* LaunchScreen.storyboard */ = {
			isa = PBXVariantGroup;
			children = (
				7DB6D76620B2A39C00704403 /* Base */,
			);
			name = LaunchScreen.storyboard;
			sourceTree = "<group>";
		};
/* End PBXVariantGroup section */

/* Begin XCBuildConfiguration section */
		7DB6D76920B2A39C00704403 /* Debug */ = {
			isa = XCBuildConfiguration;
			buildSettings = {
				ALWAYS_SEARCH_USER_PATHS = NO;
				CLANG_ANALYZER_NONNULL = YES;
				CLANG_ANALYZER_NUMBER_OBJECT_CONVERSION = YES_AGGRESSIVE;
				CLANG_CXX_LANGUAGE_STANDARD = "gnu++14";
				CLANG_CXX_LIBRARY = "libc++";
				CLANG_ENABLE_MODULES = YES;
				CLANG_ENABLE_OBJC_ARC = YES;
				CLANG_ENABLE_OBJC_WEAK = YES;
				CLANG_WARN_BLOCK_CAPTURE_AUTORELEASING = YES;
				CLANG_WARN_BOOL_CONVERSION = YES;
				CLANG_WARN_COMMA = YES;
				CLANG_WARN_CONSTANT_CONVERSION = YES;
				CLANG_WARN_DEPRECATED_OBJC_IMPLEMENTATIONS = YES;
				CLANG_WARN_DIRECT_OBJC_ISA_USAGE = YES_ERROR;
				CLANG_WARN_DOCUMENTATION_COMMENTS = YES;
				CLANG_WARN_EMPTY_BODY = YES;
				CLANG_WARN_ENUM_CONVERSION = YES;
				CLANG_WARN_INFINITE_RECURSION = YES;
				CLANG_WARN_INT_CONVERSION = YES;
				CLANG_WARN_NON_LITERAL_NULL_CONVERSION = YES;
				CLANG_WARN_OBJC_IMPLICIT_RETAIN_SELF = YES;
				CLANG_WARN_OBJC_LITERAL_CONVERSION = YES;
				CLANG_WARN_OBJC_ROOT_CLASS = YES_ERROR;
				CLANG_WARN_RANGE_LOOP_ANALYSIS = YES;
				CLANG_WARN_STRICT_PROTOTYPES = YES;
				CLANG_WARN_SUSPICIOUS_MOVE = YES;
				CLANG_WARN_UNGUARDED_AVAILABILITY = YES_AGGRESSIVE;
				CLANG_WARN_UNREACHABLE_CODE = YES;
				CLANG_WARN__DUPLICATE_METHOD_MATCH = YES;
				CODE_SIGN_IDENTITY = "iPhone Developer";
				COPY_PHASE_STRIP = NO;
				DEBUG_INFORMATION_FORMAT = dwarf;
				ENABLE_STRICT_OBJC_MSGSEND = YES;
				ENABLE_TESTABILITY = YES;
				GCC_C_LANGUAGE_STANDARD = gnu11;
				GCC_DYNAMIC_NO_PIC = NO;
				GCC_NO_COMMON_BLOCKS = YES;
				GCC_OPTIMIZATION_LEVEL = 0;
				GCC_PREPROCESSOR_DEFINITIONS = (
					"DEBUG=1",
					"$(inherited)",
				);
				GCC_WARN_64_TO_32_BIT_CONVERSION = YES;
				GCC_WARN_ABOUT_RETURN_TYPE = YES_ERROR;
				GCC_WARN_UNDECLARED_SELECTOR = YES;
				GCC_WARN_UNINITIALIZED_AUTOS = YES_AGGRESSIVE;
				GCC_WARN_UNUSED_FUNCTION = YES;
				GCC_WARN_UNUSED_VARIABLE = YES;
				IPHONEOS_DEPLOYMENT_TARGET = 11.3;
				MTL_ENABLE_DEBUG_INFO = YES;
				ONLY_ACTIVE_ARCH = YES;
				SDKROOT = iphoneos;
				SWIFT_ACTIVE_COMPILATION_CONDITIONS = DEBUG;
				SWIFT_OPTIMIZATION_LEVEL = "-Onone";
			};
			name = Debug;
		};
		7DB6D76A20B2A39C00704403 /* Release */ = {
			isa = XCBuildConfiguration;
			buildSettings = {
				ALWAYS_SEARCH_USER_PATHS = NO;
				CLANG_ANALYZER_NONNULL = YES;
				CLANG_ANALYZER_NUMBER_OBJECT_CONVERSION = YES_AGGRESSIVE;
				CLANG_CXX_LANGUAGE_STANDARD = "gnu++14";
				CLANG_CXX_LIBRARY = "libc++";
				CLANG_ENABLE_MODULES = YES;
				CLANG_ENABLE_OBJC_ARC = YES;
				CLANG_ENABLE_OBJC_WEAK = YES;
				CLANG_WARN_BLOCK_CAPTURE_AUTORELEASING = YES;
				CLANG_WARN_BOOL_CONVERSION = YES;
				CLANG_WARN_COMMA = YES;
				CLANG_WARN_CONSTANT_CONVERSION = YES;
				CLANG_WARN_DEPRECATED_OBJC_IMPLEMENTATIONS = YES;
				CLANG_WARN_DIRECT_OBJC_ISA_USAGE = YES_ERROR;
				CLANG_WARN_DOCUMENTATION_COMMENTS = YES;
				CLANG_WARN_EMPTY_BODY = YES;
				CLANG_WARN_ENUM_CONVERSION = YES;
				CLANG_WARN_INFINITE_RECURSION = YES;
				CLANG_WARN_INT_CONVERSION = YES;
				CLANG_WARN_NON_LITERAL_NULL_CONVERSION = YES;
				CLANG_WARN_OBJC_IMPLICIT_RETAIN_SELF = YES;
				CLANG_WARN_OBJC_LITERAL_CONVERSION = YES;
				CLANG_WARN_OBJC_ROOT_CLASS = YES_ERROR;
				CLANG_WARN_RANGE_LOOP_ANALYSIS = YES;
				CLANG_WARN_STRICT_PROTOTYPES = YES;
				CLANG_WARN_SUSPICIOUS_MOVE = YES;
				CLANG_WARN_UNGUARDED_AVAILABILITY = YES_AGGRESSIVE;
				CLANG_WARN_UNREACHABLE_CODE = YES;
				CLANG_WARN__DUPLICATE_METHOD_MATCH = YES;
				CODE_SIGN_IDENTITY = "iPhone Developer";
				COPY_PHASE_STRIP = NO;
				DEBUG_INFORMATION_FORMAT = "dwarf-with-dsym";
				ENABLE_NS_ASSERTIONS = NO;
				ENABLE_STRICT_OBJC_MSGSEND = YES;
				GCC_C_LANGUAGE_STANDARD = gnu11;
				GCC_NO_COMMON_BLOCKS = YES;
				GCC_WARN_64_TO_32_BIT_CONVERSION = YES;
				GCC_WARN_ABOUT_RETURN_TYPE = YES_ERROR;
				GCC_WARN_UNDECLARED_SELECTOR = YES;
				GCC_WARN_UNINITIALIZED_AUTOS = YES_AGGRESSIVE;
				GCC_WARN_UNUSED_FUNCTION = YES;
				GCC_WARN_UNUSED_VARIABLE = YES;
				IPHONEOS_DEPLOYMENT_TARGET = 11.3;
				MTL_ENABLE_DEBUG_INFO = NO;
				SDKROOT = iphoneos;
				SWIFT_COMPILATION_MODE = wholemodule;
				SWIFT_OPTIMIZATION_LEVEL = "-O";
				VALIDATE_PRODUCT = YES;
			};
			name = Release;
		};
		7DB6D76C20B2A39C00704403 /* Debug */ = {
			isa = XCBuildConfiguration;
			buildSettings = {
				ASSETCATALOG_COMPILER_APPICON_NAME = AppIcon;
				CODE_SIGN_STYLE = Automatic;
				DEVELOPMENT_TEAM = 36LVHWE756;
				FRAMEWORK_SEARCH_PATHS = (
					"$(inherited)",
					"$(PROJECT_DIR)",
				);
				INFOPLIST_FILE = simpledbviewer/Info.plist;
				IPHONEOS_DEPLOYMENT_TARGET = 10.0;
				LD_RUNPATH_SEARCH_PATHS = (
					"$(inherited)",
					"@executable_path/Frameworks",
				);
				PRODUCT_BUNDLE_IDENTIFIER = self.edu.simpledbviewer;
				PRODUCT_NAME = "$(TARGET_NAME)";
				SWIFT_VERSION = 4.2;
				TARGETED_DEVICE_FAMILY = "1,2";
			};
			name = Debug;
		};
		7DB6D76D20B2A39C00704403 /* Release */ = {
			isa = XCBuildConfiguration;
			buildSettings = {
				ASSETCATALOG_COMPILER_APPICON_NAME = AppIcon;
				CODE_SIGN_STYLE = Automatic;
				DEVELOPMENT_TEAM = 36LVHWE756;
				FRAMEWORK_SEARCH_PATHS = (
					"$(inherited)",
					"$(PROJECT_DIR)",
				);
				INFOPLIST_FILE = simpledbviewer/Info.plist;
				IPHONEOS_DEPLOYMENT_TARGET = 10.0;
				LD_RUNPATH_SEARCH_PATHS = (
					"$(inherited)",
					"@executable_path/Frameworks",
				);
				PRODUCT_BUNDLE_IDENTIFIER = self.edu.simpledbviewer;
				PRODUCT_NAME = "$(TARGET_NAME)";
				SWIFT_VERSION = 4.2;
				TARGETED_DEVICE_FAMILY = "1,2";
			};
			name = Release;
		};
/* End XCBuildConfiguration section */

/* Begin XCConfigurationList section */
		7DB6D74F20B2A39600704403 /* Build configuration list for PBXProject "simpledbviewer" */ = {
			isa = XCConfigurationList;
			buildConfigurations = (
				7DB6D76920B2A39C00704403 /* Debug */,
				7DB6D76A20B2A39C00704403 /* Release */,
			);
			defaultConfigurationIsVisible = 0;
			defaultConfigurationName = Release;
		};
		7DB6D76B20B2A39C00704403 /* Build configuration list for PBXNativeTarget "simpledbviewer" */ = {
			isa = XCConfigurationList;
			buildConfigurations = (
				7DB6D76C20B2A39C00704403 /* Debug */,
				7DB6D76D20B2A39C00704403 /* Release */,
			);
			defaultConfigurationIsVisible = 0;
			defaultConfigurationName = Release;
		};
/* End XCConfigurationList section */

/* Begin XCVersionGroup section */
		7DB6D75920B2A39600704403 /* simpledbviewer.xcdatamodeld */ = {
			isa = XCVersionGroup;
			children = (
				7DB6D75A20B2A39600704403 /* simpledbviewer.xcdatamodel */,
			);
			currentVersion = 7DB6D75A20B2A39600704403 /* simpledbviewer.xcdatamodel */;
			path = simpledbviewer.xcdatamodeld;
			sourceTree = "<group>";
			versionGroupType = wrapper.xcdatamodel;
		};
/* End XCVersionGroup section */
	};
	rootObject = 7DB6D74C20B2A39600704403 /* Project object */;
}
